{
  "name": "dolya",
  "version": "1.0.0",
  "lockfileVersion": 3,
  "requires": true,
  "packages": {
    "": {
      "name": "dolya",
      "version": "1.0.0",
      "license": "ISC",
      "dependencies": {
        "chalk": "^5.2.0",
        "glob": "^8.1.0",
        "glob-promise": "^6.0.2",
        "mavka": "^0.10.18"
      }
    },
    "node_modules/@kant2002/prompt-sync": {
      "version": "4.2.0",
      "resolved": "https://registry.npmjs.org/@kant2002/prompt-sync/-/prompt-sync-4.2.0.tgz",
      "integrity": "sha512-GpriDdY+BuFSza/0lFPfERjDOfwwngsVFJw/bMMU45whss5M/tk+uY96e7ODo3LhaTVfydZ2mv0MqKt0tJud5g==",
      "dependencies": {
        "strip-ansi": "^5.0.0"
      }
    },
    "node_modules/@types/glob": {
      "version": "8.1.0",
      "resolved": "https://registry.npmjs.org/@types/glob/-/glob-8.1.0.tgz",
      "integrity": "sha512-IO+MJPVhoqz+28h1qLAcBEH2+xHMK6MTyHJc7MTnnYb6wsoLR29POVGJ7LycmVXIqyy/4/2ShP5sUwTXuOwb/w==",
      "dependencies": {
        "@types/minimatch": "^5.1.2",
        "@types/node": "*"
      }
    },
    "node_modules/@types/minimatch": {
      "version": "5.1.2",
      "resolved": "https://registry.npmjs.org/@types/minimatch/-/minimatch-5.1.2.tgz",
      "integrity": "sha512-K0VQKziLUWkVKiRVrx4a40iPaxTUefQmjtkQofBkYRcoaaL/8rhwDWww9qWbrgicNOgnpIsMxyNIUM4+n6dUIA=="
    },
    "node_modules/@types/node": {
      "version": "18.15.11",
      "resolved": "https://registry.npmjs.org/@types/node/-/node-18.15.11.tgz",
      "integrity": "sha512-E5Kwq2n4SbMzQOn6wnmBjuK9ouqlURrcZDVfbo9ftDDTFt3nk7ZKK4GMOzoYgnpQJKcxwQw+lGaBvvlMo0qN/Q=="
    },
    "node_modules/ansi-regex": {
      "version": "4.1.1",
      "resolved": "https://registry.npmjs.org/ansi-regex/-/ansi-regex-4.1.1.tgz",
      "integrity": "sha512-ILlv4k/3f6vfQ4OoP2AGvirOktlQ98ZEL1k9FaQjxa3L1abBgbuTDAdPOpvbGncC0BTVQrl+OM8xZGK6tWXt7g==",
      "engines": {
        "node": ">=6"
      }
    },
    "node_modules/antlr4": {
      "version": "4.11.0",
      "resolved": "https://registry.npmjs.org/antlr4/-/antlr4-4.11.0.tgz",
      "integrity": "sha512-GUGlpE2JUjAN+G8G5vY+nOoeyNhHsXoIJwP1XF1oRw89vifA1K46T6SEkwLwr7drihN7I/lf0DIjKc4OZvBX8w==",
      "engines": {
        "node": ">=14"
      }
    },
    "node_modules/asynckit": {
      "version": "0.4.0",
      "resolved": "https://registry.npmjs.org/asynckit/-/asynckit-0.4.0.tgz",
      "integrity": "sha512-Oei9OH4tRh0YqU3GxhX79dM/mwVgvbZJaSNaRk+bshkj0S5cfHcgYakreBjrHwatXKbz+IoIdYLxrKim2MjW0Q=="
    },
    "node_modules/axios": {
      "version": "1.3.4",
      "resolved": "https://registry.npmjs.org/axios/-/axios-1.3.4.tgz",
      "integrity": "sha512-toYm+Bsyl6VC5wSkfkbbNB6ROv7KY93PEBBL6xyDczaIHasAiv4wPqQ/c4RjoQzipxRD2W5g21cOqQulZ7rHwQ==",
      "dependencies": {
        "follow-redirects": "^1.15.0",
        "form-data": "^4.0.0",
        "proxy-from-env": "^1.1.0"
      }
    },
    "node_modules/balanced-match": {
      "version": "1.0.2",
      "resolved": "https://registry.npmjs.org/balanced-match/-/balanced-match-1.0.2.tgz",
      "integrity": "sha512-3oSeUO0TMV67hN1AmbXsK4yaqU7tjiHlbxRDZOpH0KW9+CeX4bRAaX0Anxt0tx2MrpRpWwQaPwIlISEJhYU5Pw=="
    },
    "node_modules/brace-expansion": {
      "version": "2.0.1",
      "resolved": "https://registry.npmjs.org/brace-expansion/-/brace-expansion-2.0.1.tgz",
      "integrity": "sha512-XnAIvQ8eM+kC6aULx6wuQiwVsnzsi9d3WxzV3FpWTGA19F621kwdbsAcFKXgKUHZWsy+mY6iL1sHTxWEFCytDA==",
      "dependencies": {
        "balanced-match": "^1.0.0"
      }
    },
    "node_modules/chalk": {
      "version": "5.2.0",
      "resolved": "https://registry.npmjs.org/chalk/-/chalk-5.2.0.tgz",
      "integrity": "sha512-ree3Gqw/nazQAPuJJEy+avdl7QfZMcUvmHIKgEZkGL+xOBzRvup5Hxo6LHuMceSxOabuJLJm5Yp/92R9eMmMvA==",
      "engines": {
        "node": "^12.17.0 || ^14.13 || >=16.0.0"
      },
      "funding": {
        "url": "https://github.com/chalk/chalk?sponsor=1"
      }
    },
    "node_modules/combined-stream": {
      "version": "1.0.8",
      "resolved": "https://registry.npmjs.org/combined-stream/-/combined-stream-1.0.8.tgz",
      "integrity": "sha512-FQN4MRfuJeHf7cBbBMJFXhKSDq+2kAArBlmRBvcvFE5BB1HZKXtSFASDhdlz9zOYwxh8lDdnvmMOe/+5cdoEdg==",
      "dependencies": {
        "delayed-stream": "~1.0.0"
      },
      "engines": {
        "node": ">= 0.8"
      }
    },
    "node_modules/delayed-stream": {
      "version": "1.0.0",
      "resolved": "https://registry.npmjs.org/delayed-stream/-/delayed-stream-1.0.0.tgz",
      "integrity": "sha512-ZySD7Nf91aLB0RxL4KGrKHBXl7Eds1DAmEdcoVawXnLD7SDhpNgtuII2aAkg7a7QS41jxPSZ17p4VdGnMHk3MQ==",
      "engines": {
        "node": ">=0.4.0"
      }
    },
    "node_modules/escalade": {
      "version": "3.1.1",
      "resolved": "https://registry.npmjs.org/escalade/-/escalade-3.1.1.tgz",
      "integrity": "sha512-k0er2gUkLf8O0zKJiAhmkTnJlTvINGv7ygDNPbeIsX/TJjGJZHuh9B2UxbsaEkmlEo9MfhrSzmhIlhRlI2GXnw==",
      "engines": {
        "node": ">=6"
      }
    },
    "node_modules/follow-redirects": {
      "version": "1.15.2",
      "resolved": "https://registry.npmjs.org/follow-redirects/-/follow-redirects-1.15.2.tgz",
      "integrity": "sha512-VQLG33o04KaQ8uYi2tVNbdrWp1QWxNNea+nmIB4EVM28v0hmP17z7aG1+wAkNzVq4KeXTq3221ye5qTJP91JwA==",
      "funding": [
        {
          "type": "individual",
          "url": "https://github.com/sponsors/RubenVerborgh"
        }
      ],
      "engines": {
        "node": ">=4.0"
      },
      "peerDependenciesMeta": {
        "debug": {
          "optional": true
        }
      }
    },
    "node_modules/form-data": {
      "version": "4.0.0",
      "resolved": "https://registry.npmjs.org/form-data/-/form-data-4.0.0.tgz",
      "integrity": "sha512-ETEklSGi5t0QMZuiXoA/Q6vcnxcLQP5vdugSpuAyi6SVGi2clPPp+xgEhuMaHC+zGgn31Kd235W35f7Hykkaww==",
      "dependencies": {
        "asynckit": "^0.4.0",
        "combined-stream": "^1.0.8",
        "mime-types": "^2.1.12"
      },
      "engines": {
        "node": ">= 6"
      }
    },
    "node_modules/fs.realpath": {
      "version": "1.0.0",
      "resolved": "https://registry.npmjs.org/fs.realpath/-/fs.realpath-1.0.0.tgz",
      "integrity": "sha512-OO0pH2lK6a0hZnAdau5ItzHPI6pUlvI7jMVnxUQRtw4owF2wk8lOSabtGDCTP4Ggrg2MbGnWO9X8K1t4+fGMDw=="
    },
    "node_modules/get-bin-path": {
      "version": "8.0.0",
      "resolved": "https://registry.npmjs.org/get-bin-path/-/get-bin-path-8.0.0.tgz",
      "integrity": "sha512-H4YoHOepxk0molcU0zeDrM4ad3ihZw0mMRUTxlCfmkAGrxXfBUAWLoJ0Ynlcg61lxnLLeiQPzbvq4w9ZeVHmKg==",
      "dependencies": {
        "escalade": "^3.1.1"
      },
      "engines": {
        "node": ">=14.18.0"
      }
    },
    "node_modules/git-clone": {
      "version": "0.2.0",
      "resolved": "https://registry.npmjs.org/git-clone/-/git-clone-0.2.0.tgz",
      "integrity": "sha512-1UAkEPIFbyjHaddljUKvPhhLRnrKaImT71T7rdvSvWLXw95nLdhdi6Qmlx0KOWoV1qqvHGLq5lMLJEZM0JXk8A=="
    },
    "node_modules/glob": {
      "version": "8.1.0",
      "resolved": "https://registry.npmjs.org/glob/-/glob-8.1.0.tgz",
      "integrity": "sha512-r8hpEjiQEYlF2QU0df3dS+nxxSIreXQS1qRhMJM0Q5NDdR386C7jb7Hwwod8Fgiuex+k0GFjgft18yvxm5XoCQ==",
      "dependencies": {
        "fs.realpath": "^1.0.0",
        "inflight": "^1.0.4",
        "inherits": "2",
        "minimatch": "^5.0.1",
        "once": "^1.3.0"
      },
      "engines": {
        "node": ">=12"
      },
      "funding": {
        "url": "https://github.com/sponsors/isaacs"
      }
    },
    "node_modules/glob-promise": {
      "version": "6.0.2",
      "resolved": "https://registry.npmjs.org/glob-promise/-/glob-promise-6.0.2.tgz",
      "integrity": "sha512-Ni2aDyD1ekD6x8/+K4hDriRDbzzfuK4yKpqSymJ4P7IxbtARiOOuU+k40kbHM0sLIlbf1Qh0qdMkAHMZYE6XJQ==",
      "dependencies": {
        "@types/glob": "^8.0.0"
      },
      "engines": {
        "node": ">=16"
      },
      "funding": {
        "type": "individual",
        "url": "https://github.com/sponsors/ahmadnassri"
      },
      "peerDependencies": {
        "glob": "^8.0.3"
      }
    },
    "node_modules/import-meta-resolve": {
      "version": "2.2.2",
      "resolved": "https://registry.npmjs.org/import-meta-resolve/-/import-meta-resolve-2.2.2.tgz",
      "integrity": "sha512-f8KcQ1D80V7RnqVm+/lirO9zkOxjGxhaTC1IPrBGd3MEfNgmNG67tSUO9gTi2F3Blr2Az6g1vocaxzkVnWl9MA==",
      "funding": {
        "type": "github",
        "url": "https://github.com/sponsors/wooorm"
      }
    },
    "node_modules/inflight": {
      "version": "1.0.6",
      "resolved": "https://registry.npmjs.org/inflight/-/inflight-1.0.6.tgz",
      "integrity": "sha512-k92I/b08q4wvFscXCLvqfsHCrjrF7yiXsQuIVvVE7N82W3+aqpzuUdBbfhWcy/FZR3/4IgflMgKLOsvPDrGCJA==",
      "dependencies": {
        "once": "^1.3.0",
        "wrappy": "1"
      }
    },
    "node_modules/inherits": {
      "version": "2.0.3",
      "resolved": "https://registry.npmjs.org/inherits/-/inherits-2.0.3.tgz",
      "integrity": "sha512-x00IRNXNy63jwGkJmzPigoySHbaqpNuzKbBOmzK+g2OdZpQ9w+sxCN+VSB3ja7IAge2OP2qpfxTjeNcyjmW1uw=="
    },
    "node_modules/mavka": {
      "version": "0.10.18",
      "resolved": "https://registry.npmjs.org/mavka/-/mavka-0.10.18.tgz",
      "integrity": "sha512-FfcJDIBm2/eT0BVsg4Xtm0LgibOrQu1kwY5+gqa5lWhYbefDEPgQ83h4wQu+m6fi0g3fY2hD6b/5xf6yk1gE9A==",
      "dependencies": {
        "@kant2002/prompt-sync": "^4.2.0",
        "axios": "^1.3.4",
        "chalk": "^5.2.0",
        "get-bin-path": "^8.0.0",
        "git-clone": "^0.2.0",
        "import-meta-resolve": "^2.1.0",
        "mavka-pak": "^0.0.2",
        "mavka-parser": "^0.10.12",
        "mavka-teka": "^0.0.1",
        "mitt": "^3.0.0",
        "path": "^0.12.7"
      },
      "bin": {
        "mavka": "src/bin/mavka.js",
        "pak": "src/bin/pak.js",
        "мавка": "src/bin/mavka.js",
        "пак": "src/bin/pak.js"
      }
    },
    "node_modules/mavka-pak": {
      "version": "0.0.2",
      "resolved": "https://registry.npmjs.org/mavka-pak/-/mavka-pak-0.0.2.tgz",
      "integrity": "sha512-HNjTyz8eddOgoHqm3MIBWpQ9osMltvL4dKGNYjFLBJRG/4+O+NqWqJRbEFdCLLELs0D4wYmxMWkBdC2CibC/Og==",
      "dependencies": {
        "git-clone": "^0.2.0"
      }
    },
    "node_modules/mavka-parser": {
      "version": "0.10.12",
      "resolved": "https://registry.npmjs.org/mavka-parser/-/mavka-parser-0.10.12.tgz",
      "integrity": "sha512-FBokKK6TpCza8beWR8yIBdCGhGvo369BrvLpXDC95hz7oFwhHVkVNQ6SRBDQCH6LbaHx2udJwatPJcQZNP9dWw==",
      "dependencies": {
        "antlr4": "4.11.0"
      }
    },
    "node_modules/mavka-teka": {
      "version": "0.0.1",
      "resolved": "https://registry.npmjs.org/mavka-teka/-/mavka-teka-0.0.1.tgz",
      "integrity": "sha512-AmQX1/GjGgzHXGAzE2XsEWOLtWP85FoCTUWnAoo2BJSfUOcmMx3/52qTum1U/AcLiWQ80TWZYO8cw5qVkNA0KQ=="
    },
    "node_modules/mime-db": {
      "version": "1.52.0",
      "resolved": "https://registry.npmjs.org/mime-db/-/mime-db-1.52.0.tgz",
      "integrity": "sha512-sPU4uV7dYlvtWJxwwxHD0PuihVNiE7TyAbQ5SWxDCB9mUYvOgroQOwYQQOKPJ8CIbE+1ETVlOoK1UC2nU3gYvg==",
      "engines": {
        "node": ">= 0.6"
      }
    },
    "node_modules/mime-types": {
      "version": "2.1.35",
      "resolved": "https://registry.npmjs.org/mime-types/-/mime-types-2.1.35.tgz",
      "integrity": "sha512-ZDY+bPm5zTTF+YpCrAU9nK0UgICYPT0QtT1NZWFv4s++TNkcgVaT0g6+4R2uI4MjQjzysHB1zxuWL50hzaeXiw==",
      "dependencies": {
        "mime-db": "1.52.0"
      },
      "engines": {
        "node": ">= 0.6"
      }
    },
    "node_modules/minimatch": {
      "version": "5.1.6",
      "resolved": "https://registry.npmjs.org/minimatch/-/minimatch-5.1.6.tgz",
      "integrity": "sha512-lKwV/1brpG6mBUFHtb7NUmtABCb2WZZmm2wNiOA5hAb8VdCS4B3dtMWyvcoViccwAW/COERjXLt0zP1zXUN26g==",
      "dependencies": {
        "brace-expansion": "^2.0.1"
      },
      "engines": {
        "node": ">=10"
      }
    },
    "node_modules/mitt": {
      "version": "3.0.0",
      "resolved": "https://registry.npmjs.org/mitt/-/mitt-3.0.0.tgz",
      "integrity": "sha512-7dX2/10ITVyqh4aOSVI9gdape+t9l2/8QxHrFmUXu4EEUpdlxl6RudZUPZoc+zuY2hk1j7XxVroIVIan/pD/SQ=="
    },
    "node_modules/once": {
      "version": "1.4.0",
      "resolved": "https://registry.npmjs.org/once/-/once-1.4.0.tgz",
      "integrity": "sha512-lNaJgI+2Q5URQBkccEKHTQOPaXdUxnZZElQTZY0MFUAuaEqe1E+Nyvgdz/aIyNi6Z9MzO5dv1H8n58/GELp3+w==",
      "dependencies": {
        "wrappy": "1"
      }
    },
    "node_modules/path": {
      "version": "0.12.7",
      "resolved": "https://registry.npmjs.org/path/-/path-0.12.7.tgz",
      "integrity": "sha512-aXXC6s+1w7otVF9UletFkFcDsJeO7lSZBPUQhtb5O0xJe8LtYhj/GxldoL09bBj9+ZmE2hNoHqQSFMN5fikh4Q==",
      "dependencies": {
        "process": "^0.11.1",
        "util": "^0.10.3"
      }
    },
    "node_modules/process": {
      "version": "0.11.10",
      "resolved": "https://registry.npmjs.org/process/-/process-0.11.10.tgz",
      "integrity": "sha512-cdGef/drWFoydD1JsMzuFf8100nZl+GT+yacc2bEced5f9Rjk4z+WtFUTBu9PhOi9j/jfmBPu0mMEY4wIdAF8A==",
      "engines": {
        "node": ">= 0.6.0"
      }
    },
    "node_modules/proxy-from-env": {
      "version": "1.1.0",
      "resolved": "https://registry.npmjs.org/proxy-from-env/-/proxy-from-env-1.1.0.tgz",
      "integrity": "sha512-D+zkORCbA9f1tdWRK0RaCR3GPv50cMxcrz4X8k5LTSUD1Dkw47mKJEZQNunItRTkWwgtaUSo1RVFRIG9ZXiFYg=="
    },
    "node_modules/strip-ansi": {
      "version": "5.2.0",
      "resolved": "https://registry.npmjs.org/strip-ansi/-/strip-ansi-5.2.0.tgz",
      "integrity": "sha512-DuRs1gKbBqsMKIZlrffwlug8MHkcnpjs5VPmL1PAh+mA30U0DTotfDZ0d2UUsXpPmPmMMJ6W773MaA3J+lbiWA==",
      "dependencies": {
        "ansi-regex": "^4.1.0"
      },
      "engines": {
        "node": ">=6"
      }
    },
    "node_modules/util": {
      "version": "0.10.4",
      "resolved": "https://registry.npmjs.org/util/-/util-0.10.4.tgz",
      "integrity": "sha512-0Pm9hTQ3se5ll1XihRic3FDIku70C+iHUdT/W926rSgHV5QgXsYbKZN8MSC3tJtSkhuROzvsQjAaFENRXr+19A==",
      "dependencies": {
        "inherits": "2.0.3"
      }
    },
    "node_modules/wrappy": {
      "version": "1.0.2",
      "resolved": "https://registry.npmjs.org/wrappy/-/wrappy-1.0.2.tgz",
      "integrity": "sha512-l4Sp/DRseor9wL6EvV2+TuQn63dMkPjZ/sp9XkghTEbV9KlPS1xUsZ3u7/IQO4wxtcFB4bgpQPRcR3QCvezPcQ=="
    }
  }
}
